// !$*UTF8*$!
{
	archiveVersion = 1;
	classes = {
	};
	objectVersion = 55;
	objects = {

/* Begin PBXBuildFile section */
		485816072889D89800B354B5 /* MarvelListApp.swift in Sources */ = {isa = PBXBuildFile; fileRef = 485816062889D89800B354B5 /* MarvelListApp.swift */; };
		485816092889D89800B354B5 /* ContentView.swift in Sources */ = {isa = PBXBuildFile; fileRef = 485816082889D89800B354B5 /* ContentView.swift */; };
		4858160B2889D89900B354B5 /* Assets.xcassets in Resources */ = {isa = PBXBuildFile; fileRef = 4858160A2889D89900B354B5 /* Assets.xcassets */; };
		4858160E2889D89900B354B5 /* Preview Assets.xcassets in Resources */ = {isa = PBXBuildFile; fileRef = 4858160D2889D89900B354B5 /* Preview Assets.xcassets */; };
		485816102889D89900B354B5 /* Persistence.swift in Sources */ = {isa = PBXBuildFile; fileRef = 4858160F2889D89900B354B5 /* Persistence.swift */; };
		485816132889D89900B354B5 /* MarvelList.xcdatamodeld in Sources */ = {isa = PBXBuildFile; fileRef = 485816112889D89900B354B5 /* MarvelList.xcdatamodeld */; };
		4858161D2889D89900B354B5 /* MarvelListTests.swift in Sources */ = {isa = PBXBuildFile; fileRef = 4858161C2889D89900B354B5 /* MarvelListTests.swift */; };
		485816272889D89900B354B5 /* MarvelListUITests.swift in Sources */ = {isa = PBXBuildFile; fileRef = 485816262889D89900B354B5 /* MarvelListUITests.swift */; };
		485816292889D89900B354B5 /* MarvelListUITestsLaunchTests.swift in Sources */ = {isa = PBXBuildFile; fileRef = 485816282889D89900B354B5 /* MarvelListUITestsLaunchTests.swift */; };
/* End PBXBuildFile section */

/* Begin PBXContainerItemProxy section */
		485816192889D89900B354B5 /* PBXContainerItemProxy */ = {
			isa = PBXContainerItemProxy;
			containerPortal = 485815FB2889D89700B354B5 /* Project object */;
			proxyType = 1;
			remoteGlobalIDString = 485816022889D89800B354B5;
			remoteInfo = MarvelList;
		};
		485816232889D89900B354B5 /* PBXContainerItemProxy */ = {
			isa = PBXContainerItemProxy;
			containerPortal = 485815FB2889D89700B354B5 /* Project object */;
			proxyType = 1;
			remoteGlobalIDString = 485816022889D89800B354B5;
			remoteInfo = MarvelList;
		};
/* End PBXContainerItemProxy section */

/* Begin PBXFileReference section */
		485816032889D89800B354B5 /* MarvelList.app */ = {isa = PBXFileReference; explicitFileType = wrapper.application; includeInIndex = 0; path = MarvelList.app; sourceTree = BUILT_PRODUCTS_DIR; };
		485816062889D89800B354B5 /* MarvelListApp.swift */ = {isa = PBXFileReference; lastKnownFileType = sourcecode.swift; path = MarvelListApp.swift; sourceTree = "<group>"; };
		485816082889D89800B354B5 /* ContentView.swift */ = {isa = PBXFileReference; lastKnownFileType = sourcecode.swift; path = ContentView.swift; sourceTree = "<group>"; };
		4858160A2889D89900B354B5 /* Assets.xcassets */ = {isa = PBXFileReference; lastKnownFileType = folder.assetcatalog; path = Assets.xcassets; sourceTree = "<group>"; };
		4858160D2889D89900B354B5 /* Preview Assets.xcassets */ = {isa = PBXFileReference; lastKnownFileType = folder.assetcatalog; path = "Preview Assets.xcassets"; sourceTree = "<group>"; };
		4858160F2889D89900B354B5 /* Persistence.swift */ = {isa = PBXFileReference; lastKnownFileType = sourcecode.swift; path = Persistence.swift; sourceTree = "<group>"; };
		485816122889D89900B354B5 /* MarvelList.xcdatamodel */ = {isa = PBXFileReference; lastKnownFileType = wrapper.xcdatamodel; path = MarvelList.xcdatamodel; sourceTree = "<group>"; };
		485816182889D89900B354B5 /* MarvelListTests.xctest */ = {isa = PBXFileReference; explicitFileType = wrapper.cfbundle; includeInIndex = 0; path = MarvelListTests.xctest; sourceTree = BUILT_PRODUCTS_DIR; };
		4858161C2889D89900B354B5 /* MarvelListTests.swift */ = {isa = PBXFileReference; lastKnownFileType = sourcecode.swift; path = MarvelListTests.swift; sourceTree = "<group>"; };
		485816222889D89900B354B5 /* MarvelListUITests.xctest */ = {isa = PBXFileReference; explicitFileType = wrapper.cfbundle; includeInIndex = 0; path = MarvelListUITests.xctest; sourceTree = BUILT_PRODUCTS_DIR; };
		485816262889D89900B354B5 /* MarvelListUITests.swift */ = {isa = PBXFileReference; lastKnownFileType = sourcecode.swift; path = MarvelListUITests.swift; sourceTree = "<group>"; };
		485816282889D89900B354B5 /* MarvelListUITestsLaunchTests.swift */ = {isa = PBXFileReference; lastKnownFileType = sourcecode.swift; path = MarvelListUITestsLaunchTests.swift; sourceTree = "<group>"; };
/* End PBXFileReference section */

/* Begin PBXFrameworksBuildPhase section */
		485816002889D89800B354B5 /* Frameworks */ = {
			isa = PBXFrameworksBuildPhase;
			buildActionMask = 2147483647;
			files = (
			);
			runOnlyForDeploymentPostprocessing = 0;
		};
		485816152889D89900B354B5 /* Frameworks */ = {
			isa = PBXFrameworksBuildPhase;
			buildActionMask = 2147483647;
			files = (
			);
			runOnlyForDeploymentPostprocessing = 0;
		};
		4858161F2889D89900B354B5 /* Frameworks */ = {
			isa = PBXFrameworksBuildPhase;
			buildActionMask = 2147483647;
			files = (
			);
			runOnlyForDeploymentPostprocessing = 0;
		};
/* End PBXFrameworksBuildPhase section */

/* Begin PBXGroup section */
		485815FA2889D89700B354B5 = {
			isa = PBXGroup;
			children = (
				485816052889D89800B354B5 /* MarvelList */,
				4858161B2889D89900B354B5 /* MarvelListTests */,
				485816252889D89900B354B5 /* MarvelListUITests */,
				485816042889D89800B354B5 /* Products */,
			);
			sourceTree = "<group>";
		};
		485816042889D89800B354B5 /* Products */ = {
			isa = PBXGroup;
			children = (
				485816032889D89800B354B5 /* MarvelList.app */,
				485816182889D89900B354B5 /* MarvelListTests.xctest */,
				485816222889D89900B354B5 /* MarvelListUITests.xctest */,
			);
			name = Products;
			sourceTree = "<group>";
		};
		485816052889D89800B354B5 /* MarvelList */ = {
			isa = PBXGroup;
			children = (
				485816062889D89800B354B5 /* MarvelListApp.swift */,
				485816082889D89800B354B5 /* ContentView.swift */,
				4858160A2889D89900B354B5 /* Assets.xcassets */,
				4858160F2889D89900B354B5 /* Persistence.swift */,
				485816112889D89900B354B5 /* MarvelList.xcdatamodeld */,
				4858160C2889D89900B354B5 /* Preview Content */,
			);
			path = MarvelList;
			sourceTree = "<group>";
		};
		4858160C2889D89900B354B5 /* Preview Content */ = {
			isa = PBXGroup;
			children = (
				4858160D2889D89900B354B5 /* Preview Assets.xcassets */,
			);
			path = "Preview Content";
			sourceTree = "<group>";
		};
		4858161B2889D89900B354B5 /* MarvelListTests */ = {
			isa = PBXGroup;
			children = (
				4858161C2889D89900B354B5 /* MarvelListTests.swift */,
			);
			path = MarvelListTests;
			sourceTree = "<group>";
		};
		485816252889D89900B354B5 /* MarvelListUITests */ = {
			isa = PBXGroup;
			children = (
				485816262889D89900B354B5 /* MarvelListUITests.swift */,
				485816282889D89900B354B5 /* MarvelListUITestsLaunchTests.swift */,
			);
			path = MarvelListUITests;
			sourceTree = "<group>";
		};
/* End PBXGroup section */

/* Begin PBXNativeTarget section */
		485816022889D89800B354B5 /* MarvelList */ = {
			isa = PBXNativeTarget;
			buildConfigurationList = 4858162C2889D89900B354B5 /* Build configuration list for PBXNativeTarget "MarvelList" */;
			buildPhases = (
				485815FF2889D89800B354B5 /* Sources */,
				485816002889D89800B354B5 /* Frameworks */,
				485816012889D89800B354B5 /* Resources */,
			);
			buildRules = (
			);
			dependencies = (
			);
			name = MarvelList;
			productName = MarvelList;
			productReference = 485816032889D89800B354B5 /* MarvelList.app */;
			productType = "com.apple.product-type.application";
		};
		485816172889D89900B354B5 /* MarvelListTests */ = {
			isa = PBXNativeTarget;
			buildConfigurationList = 4858162F2889D89900B354B5 /* Build configuration list for PBXNativeTarget "MarvelListTests" */;
			buildPhases = (
				485816142889D89900B354B5 /* Sources */,
				485816152889D89900B354B5 /* Frameworks */,
				485816162889D89900B354B5 /* Resources */,
			);
			buildRules = (
			);
			dependencies = (
				4858161A2889D89900B354B5 /* PBXTargetDependency */,
			);
			name = MarvelListTests;
			productName = MarvelListTests;
			productReference = 485816182889D89900B354B5 /* MarvelListTests.xctest */;
			productType = "com.apple.product-type.bundle.unit-test";
		};
		485816212889D89900B354B5 /* MarvelListUITests */ = {
			isa = PBXNativeTarget;
			buildConfigurationList = 485816322889D89900B354B5 /* Build configuration list for PBXNativeTarget "MarvelListUITests" */;
			buildPhases = (
				4858161E2889D89900B354B5 /* Sources */,
				4858161F2889D89900B354B5 /* Frameworks */,
				485816202889D89900B354B5 /* Resources */,
			);
			buildRules = (
			);
			dependencies = (
				485816242889D89900B354B5 /* PBXTargetDependency */,
			);
			name = MarvelListUITests;
			productName = MarvelListUITests;
			productReference = 485816222889D89900B354B5 /* MarvelListUITests.xctest */;
			productType = "com.apple.product-type.bundle.ui-testing";
		};
/* End PBXNativeTarget section */

/* Begin PBXProject section */
		485815FB2889D89700B354B5 /* Project object */ = {
			isa = PBXProject;
			attributes = {
				BuildIndependentTargetsInParallel = 1;
				LastSwiftUpdateCheck = 1340;
				LastUpgradeCheck = 1340;
				TargetAttributes = {
					485816022889D89800B354B5 = {
						CreatedOnToolsVersion = 13.4.1;
					};
					485816172889D89900B354B5 = {
						CreatedOnToolsVersion = 13.4.1;
						TestTargetID = 485816022889D89800B354B5;
					};
					485816212889D89900B354B5 = {
						CreatedOnToolsVersion = 13.4.1;
						TestTargetID = 485816022889D89800B354B5;
					};
				};
			};
			buildConfigurationList = 485815FE2889D89700B354B5 /* Build configuration list for PBXProject "MarvelList" */;
			compatibilityVersion = "Xcode 13.0";
			developmentRegion = en;
			hasScannedForEncodings = 0;
			knownRegions = (
				en,
				Base,
			);
			mainGroup = 485815FA2889D89700B354B5;
			productRefGroup = 485816042889D89800B354B5 /* Products */;
			projectDirPath = "";
			projectRoot = "";
			targets = (
				485816022889D89800B354B5 /* MarvelList */,
				485816172889D89900B354B5 /* MarvelListTests */,
				485816212889D89900B354B5 /* MarvelListUITests */,
			);
		};
/* End PBXProject section */

/* Begin PBXResourcesBuildPhase section */
		485816012889D89800B354B5 /* Resources */ = {
			isa = PBXResourcesBuildPhase;
			buildActionMask = 2147483647;
			files = (
				4858160E2889D89900B354B5 /* Preview Assets.xcassets in Resources */,
				4858160B2889D89900B354B5 /* Assets.xcassets in Resources */,
			);
			runOnlyForDeploymentPostprocessing = 0;
		};
		485816162889D89900B354B5 /* Resources */ = {
			isa = PBXResourcesBuildPhase;
			buildActionMask = 2147483647;
			files = (
			);
			runOnlyForDeploymentPostprocessing = 0;
		};
		485816202889D89900B354B5 /* Resources */ = {
			isa = PBXResourcesBuildPhase;
			buildActionMask = 2147483647;
			files = (
			);
			runOnlyForDeploymentPostprocessing = 0;
		};
/* End PBXResourcesBuildPhase section */

/* Begin PBXSourcesBuildPhase section */
		485815FF2889D89800B354B5 /* Sources */ = {
			isa = PBXSourcesBuildPhase;
			buildActionMask = 2147483647;
			files = (
				485816102889D89900B354B5 /* Persistence.swift in Sources */,
				485816092889D89800B354B5 /* ContentView.swift in Sources */,
				485816132889D89900B354B5 /* MarvelList.xcdatamodeld in Sources */,
				485816072889D89800B354B5 /* MarvelListApp.swift in Sources */,
			);
			runOnlyForDeploymentPostprocessing = 0;
		};
		485816142889D89900B354B5 /* Sources */ = {
			isa = PBXSourcesBuildPhase;
			buildActionMask = 2147483647;
			files = (
				4858161D2889D89900B354B5 /* MarvelListTests.swift in Sources */,
			);
			runOnlyForDeploymentPostprocessing = 0;
		};
		4858161E2889D89900B354B5 /* Sources */ = {
			isa = PBXSourcesBuildPhase;
			buildActionMask = 2147483647;
			files = (
				485816272889D89900B354B5 /* MarvelListUITests.swift in Sources */,
				485816292889D89900B354B5 /* MarvelListUITestsLaunchTests.swift in Sources */,
			);
			runOnlyForDeploymentPostprocessing = 0;
		};
/* End PBXSourcesBuildPhase section */

/* Begin PBXTargetDependency section */
		4858161A2889D89900B354B5 /* PBXTargetDependency */ = {
			isa = PBXTargetDependency;
			target = 485816022889D89800B354B5 /* MarvelList */;
			targetProxy = 485816192889D89900B354B5 /* PBXContainerItemProxy */;
		};
		485816242889D89900B354B5 /* PBXTargetDependency */ = {
			isa = PBXTargetDependency;
			target = 485816022889D89800B354B5 /* MarvelList */;
			targetProxy = 485816232889D89900B354B5 /* PBXContainerItemProxy */;
		};
/* End PBXTargetDependency section */

/* Begin XCBuildConfiguration section */
		4858162A2889D89900B354B5 /* Debug */ = {
			isa = XCBuildConfiguration;
			buildSettings = {
				ALWAYS_SEARCH_USER_PATHS = NO;
				CLANG_ANALYZER_NONNULL = YES;
				CLANG_ANALYZER_NUMBER_OBJECT_CONVERSION = YES_AGGRESSIVE;
				CLANG_CXX_LANGUAGE_STANDARD = "gnu++17";
				CLANG_ENABLE_MODULES = YES;
				CLANG_ENABLE_OBJC_ARC = YES;
				CLANG_ENABLE_OBJC_WEAK = YES;
				CLANG_WARN_BLOCK_CAPTURE_AUTORELEASING = YES;
				CLANG_WARN_BOOL_CONVERSION = YES;
				CLANG_WARN_COMMA = YES;
				CLANG_WARN_CONSTANT_CONVERSION = YES;
				CLANG_WARN_DEPRECATED_OBJC_IMPLEMENTATIONS = YES;
				CLANG_WARN_DIRECT_OBJC_ISA_USAGE = YES_ERROR;
				CLANG_WARN_DOCUMENTATION_COMMENTS = YES;
				CLANG_WARN_EMPTY_BODY = YES;
				CLANG_WARN_ENUM_CONVERSION = YES;
				CLANG_WARN_INFINITE_RECURSION = YES;
				CLANG_WARN_INT_CONVERSION = YES;
				CLANG_WARN_NON_LITERAL_NULL_CONVERSION = YES;
				CLANG_WARN_OBJC_IMPLICIT_RETAIN_SELF = YES;
				CLANG_WARN_OBJC_LITERAL_CONVERSION = YES;
				CLANG_WARN_OBJC_ROOT_CLASS = YES_ERROR;
				CLANG_WARN_QUOTED_INCLUDE_IN_FRAMEWORK_HEADER = YES;
				CLANG_WARN_RANGE_LOOP_ANALYSIS = YES;
				CLANG_WARN_STRICT_PROTOTYPES = YES;
				CLANG_WARN_SUSPICIOUS_MOVE = YES;
				CLANG_WARN_UNGUARDED_AVAILABILITY = YES_AGGRESSIVE;
				CLANG_WARN_UNREACHABLE_CODE = YES;
				CLANG_WARN__DUPLICATE_METHOD_MATCH = YES;
				COPY_PHASE_STRIP = NO;
				DEBUG_INFORMATION_FORMAT = dwarf;
				ENABLE_STRICT_OBJC_MSGSEND = YES;
				ENABLE_TESTABILITY = YES;
				GCC_C_LANGUAGE_STANDARD = gnu11;
				GCC_DYNAMIC_NO_PIC = NO;
				GCC_NO_COMMON_BLOCKS = YES;
				GCC_OPTIMIZATION_LEVEL = 0;
				GCC_PREPROCESSOR_DEFINITIONS = (
					"DEBUG=1",
					"$(inherited)",
				);
				GCC_WARN_64_TO_32_BIT_CONVERSION = YES;
				GCC_WARN_ABOUT_RETURN_TYPE = YES_ERROR;
				GCC_WARN_UNDECLARED_SELECTOR = YES;
				GCC_WARN_UNINITIALIZED_AUTOS = YES_AGGRESSIVE;
				GCC_WARN_UNUSED_FUNCTION = YES;
				GCC_WARN_UNUSED_VARIABLE = YES;
				IPHONEOS_DEPLOYMENT_TARGET = 15.5;
				MTL_ENABLE_DEBUG_INFO = INCLUDE_SOURCE;
				MTL_FAST_MATH = YES;
				ONLY_ACTIVE_ARCH = YES;
				SDKROOT = iphoneos;
				SWIFT_ACTIVE_COMPILATION_CONDITIONS = DEBUG;
				SWIFT_OPTIMIZATION_LEVEL = "-Onone";
			};
			name = Debug;
		};
		4858162B2889D89900B354B5 /* Release */ = {
			isa = XCBuildConfiguration;
			buildSettings = {
				ALWAYS_SEARCH_USER_PATHS = NO;
				CLANG_ANALYZER_NONNULL = YES;
				CLANG_ANALYZER_NUMBER_OBJECT_CONVERSION = YES_AGGRESSIVE;
				CLANG_CXX_LANGUAGE_STANDARD = "gnu++17";
				CLANG_ENABLE_MODULES = YES;
				CLANG_ENABLE_OBJC_ARC = YES;
				CLANG_ENABLE_OBJC_WEAK = YES;
				CLANG_WARN_BLOCK_CAPTURE_AUTORELEASING = YES;
				CLANG_WARN_BOOL_CONVERSION = YES;
				CLANG_WARN_COMMA = YES;
				CLANG_WARN_CONSTANT_CONVERSION = YES;
				CLANG_WARN_DEPRECATED_OBJC_IMPLEMENTATIONS = YES;
				CLANG_WARN_DIRECT_OBJC_ISA_USAGE = YES_ERROR;
				CLANG_WARN_DOCUMENTATION_COMMENTS = YES;
				CLANG_WARN_EMPTY_BODY = YES;
				CLANG_WARN_ENUM_CONVERSION = YES;
				CLANG_WARN_INFINITE_RECURSION = YES;
				CLANG_WARN_INT_CONVERSION = YES;
				CLANG_WARN_NON_LITERAL_NULL_CONVERSION = YES;
				CLANG_WARN_OBJC_IMPLICIT_RETAIN_SELF = YES;
				CLANG_WARN_OBJC_LITERAL_CONVERSION = YES;
				CLANG_WARN_OBJC_ROOT_CLASS = YES_ERROR;
				CLANG_WARN_QUOTED_INCLUDE_IN_FRAMEWORK_HEADER = YES;
				CLANG_WARN_RANGE_LOOP_ANALYSIS = YES;
				CLANG_WARN_STRICT_PROTOTYPES = YES;
				CLANG_WARN_SUSPICIOUS_MOVE = YES;
				CLANG_WARN_UNGUARDED_AVAILABILITY = YES_AGGRESSIVE;
				CLANG_WARN_UNREACHABLE_CODE = YES;
				CLANG_WARN__DUPLICATE_METHOD_MATCH = YES;
				COPY_PHASE_STRIP = NO;
				DEBUG_INFORMATION_FORMAT = "dwarf-with-dsym";
				ENABLE_NS_ASSERTIONS = NO;
				ENABLE_STRICT_OBJC_MSGSEND = YES;
				GCC_C_LANGUAGE_STANDARD = gnu11;
				GCC_NO_COMMON_BLOCKS = YES;
				GCC_WARN_64_TO_32_BIT_CONVERSION = YES;
				GCC_WARN_ABOUT_RETURN_TYPE = YES_ERROR;
				GCC_WARN_UNDECLARED_SELECTOR = YES;
				GCC_WARN_UNINITIALIZED_AUTOS = YES_AGGRESSIVE;
				GCC_WARN_UNUSED_FUNCTION = YES;
				GCC_WARN_UNUSED_VARIABLE = YES;
				IPHONEOS_DEPLOYMENT_TARGET = 15.5;
				MTL_ENABLE_DEBUG_INFO = NO;
				MTL_FAST_MATH = YES;
				SDKROOT = iphoneos;
				SWIFT_COMPILATION_MODE = wholemodule;
				SWIFT_OPTIMIZATION_LEVEL = "-O";
				VALIDATE_PRODUCT = YES;
			};
			name = Release;
		};
		4858162D2889D89900B354B5 /* Debug */ = {
			isa = XCBuildConfiguration;
			buildSettings = {
				ASSETCATALOG_COMPILER_APPICON_NAME = AppIcon;
				ASSETCATALOG_COMPILER_GLOBAL_ACCENT_COLOR_NAME = AccentColor;
				CODE_SIGN_STYLE = Automatic;
				CURRENT_PROJECT_VERSION = 1;
				DEVELOPMENT_ASSET_PATHS = "\"MarvelList/Preview Content\"";
				DEVELOPMENT_TEAM = D84M4LK87S;
				ENABLE_PREVIEWS = YES;
				GENERATE_INFOPLIST_FILE = YES;
				INFOPLIST_KEY_UIApplicationSceneManifest_Generation = YES;
				INFOPLIST_KEY_UIApplicationSupportsIndirectInputEvents = YES;
				INFOPLIST_KEY_UILaunchScreen_Generation = YES;
				INFOPLIST_KEY_UISupportedInterfaceOrientations_iPad = "UIInterfaceOrientationPortrait UIInterfaceOrientationPortraitUpsideDown UIInterfaceOrientationLandscapeLeft UIInterfaceOrientationLandscapeRight";
				INFOPLIST_KEY_UISupportedInterfaceOrientations_iPhone = "UIInterfaceOrientationPortrait UIInterfaceOrientationLandscapeLeft UIInterfaceOrientationLandscapeRight";
				LD_RUNPATH_SEARCH_PATHS = (
					"$(inherited)",
					"@executable_path/Frameworks",
				);
				MARKETING_VERSION = 1.0;
				PRODUCT_BUNDLE_IDENTIFIER = wiltonramos.com.MarvelList;
				PRODUCT_NAME = "$(TARGET_NAME)";
				SWIFT_EMIT_LOC_STRINGS = YES;
				SWIFT_VERSION = 5.0;
				TARGETED_DEVICE_FAMILY = "1,2";
			};
			name = Debug;
		};
		4858162E2889D89900B354B5 /* Release */ = {
			isa = XCBuildConfiguration;
			buildSettings = {
				ASSETCATALOG_COMPILER_APPICON_NAME = AppIcon;
				ASSETCATALOG_COMPILER_GLOBAL_ACCENT_COLOR_NAME = AccentColor;
				CODE_SIGN_STYLE = Automatic;
				CURRENT_PROJECT_VERSION = 1;
				DEVELOPMENT_ASSET_PATHS = "\"MarvelList/Preview Content\"";
				DEVELOPMENT_TEAM = D84M4LK87S;
				ENABLE_PREVIEWS = YES;
				GENERATE_INFOPLIST_FILE = YES;
				INFOPLIST_KEY_UIApplicationSceneManifest_Generation = YES;
				INFOPLIST_KEY_UIApplicationSupportsIndirectInputEvents = YES;
				INFOPLIST_KEY_UILaunchScreen_Generation = YES;
				INFOPLIST_KEY_UISupportedInterfaceOrientations_iPad = "UIInterfaceOrientationPortrait UIInterfaceOrientationPortraitUpsideDown UIInterfaceOrientationLandscapeLeft UIInterfaceOrientationLandscapeRight";
				INFOPLIST_KEY_UISupportedInterfaceOrientations_iPhone = "UIInterfaceOrientationPortrait UIInterfaceOrientationLandscapeLeft UIInterfaceOrientationLandscapeRight";
				LD_RUNPATH_SEARCH_PATHS = (
					"$(inherited)",
					"@executable_path/Frameworks",
				);
				MARKETING_VERSION = 1.0;
				PRODUCT_BUNDLE_IDENTIFIER = wiltonramos.com.MarvelList;
				PRODUCT_NAME = "$(TARGET_NAME)";
				SWIFT_EMIT_LOC_STRINGS = YES;
				SWIFT_VERSION = 5.0;
				TARGETED_DEVICE_FAMILY = "1,2";
			};
			name = Release;
		};
		485816302889D89900B354B5 /* Debug */ = {
			isa = XCBuildConfiguration;
			buildSettings = {
				ALWAYS_EMBED_SWIFT_STANDARD_LIBRARIES = YES;
				BUNDLE_LOADER = "$(TEST_HOST)";
				CODE_SIGN_STYLE = Automatic;
				CURRENT_PROJECT_VERSION = 1;
				DEVELOPMENT_TEAM = D84M4LK87S;
				GENERATE_INFOPLIST_FILE = YES;
				IPHONEOS_DEPLOYMENT_TARGET = 15.5;
				MARKETING_VERSION = 1.0;
				PRODUCT_BUNDLE_IDENTIFIER = wiltonramos.com.MarvelListTests;
				PRODUCT_NAME = "$(TARGET_NAME)";
				SWIFT_EMIT_LOC_STRINGS = NO;
				SWIFT_VERSION = 5.0;
				TARGETED_DEVICE_FAMILY = "1,2";
				TEST_HOST = "$(BUILT_PRODUCTS_DIR)/MarvelList.app/MarvelList";
			};
			name = Debug;
		};
		485816312889D89900B354B5 /* Release */ = {
			isa = XCBuildConfiguration;
			buildSettings = {
				ALWAYS_EMBED_SWIFT_STANDARD_LIBRARIES = YES;
				BUNDLE_LOADER = "$(TEST_HOST)";
				CODE_SIGN_STYLE = Automatic;
				CURRENT_PROJECT_VERSION = 1;
				DEVELOPMENT_TEAM = D84M4LK87S;
				GENERATE_INFOPLIST_FILE = YES;
				IPHONEOS_DEPLOYMENT_TARGET = 15.5;
				MARKETING_VERSION = 1.0;
				PRODUCT_BUNDLE_IDENTIFIER = wiltonramos.com.MarvelListTests;
				PRODUCT_NAME = "$(TARGET_NAME)";
				SWIFT_EMIT_LOC_STRINGS = NO;
				SWIFT_VERSION = 5.0;
				TARGETED_DEVICE_FAMILY = "1,2";
				TEST_HOST = "$(BUILT_PRODUCTS_DIR)/MarvelList.app/MarvelList";
			};
			name = Release;
		};
		485816332889D89900B354B5 /* Debug */ = {
			isa = XCBuildConfiguration;
			buildSettings = {
				ALWAYS_EMBED_SWIFT_STANDARD_LIBRARIES = YES;
				CODE_SIGN_STYLE = Automatic;
				CURRENT_PROJECT_VERSION = 1;
				DEVELOPMENT_TEAM = D84M4LK87S;
				GENERATE_INFOPLIST_FILE = YES;
				MARKETING_VERSION = 1.0;
				PRODUCT_BUNDLE_IDENTIFIER = wiltonramos.com.MarvelListUITests;
				PRODUCT_NAME = "$(TARGET_NAME)";
				SWIFT_EMIT_LOC_STRINGS = NO;
				SWIFT_VERSION = 5.0;
				TARGETED_DEVICE_FAMILY = "1,2";
				TEST_TARGET_NAME = MarvelList;
			};
			name = Debug;
		};
		485816342889D89900B354B5 /* Release */ = {
			isa = XCBuildConfiguration;
			buildSettings = {
				ALWAYS_EMBED_SWIFT_STANDARD_LIBRARIES = YES;
				CODE_SIGN_STYLE = Automatic;
				CURRENT_PROJECT_VERSION = 1;
				DEVELOPMENT_TEAM = D84M4LK87S;
				GENERATE_INFOPLIST_FILE = YES;
				MARKETING_VERSION = 1.0;
				PRODUCT_BUNDLE_IDENTIFIER = wiltonramos.com.MarvelListUITests;
				PRODUCT_NAME = "$(TARGET_NAME)";
				SWIFT_EMIT_LOC_STRINGS = NO;
				SWIFT_VERSION = 5.0;
				TARGETED_DEVICE_FAMILY = "1,2";
				TEST_TARGET_NAME = MarvelList;
			};
			name = Release;
		};
/* End XCBuildConfiguration section */

/* Begin XCConfigurationList section */
		485815FE2889D89700B354B5 /* Build configuration list for PBXProject "MarvelList" */ = {
			isa = XCConfigurationList;
			buildConfigurations = (
				4858162A2889D89900B354B5 /* Debug */,
				4858162B2889D89900B354B5 /* Release */,
			);
			defaultConfigurationIsVisible = 0;
			defaultConfigurationName = Release;
		};
		4858162C2889D89900B354B5 /* Build configuration list for PBXNativeTarget "MarvelList" */ = {
			isa = XCConfigurationList;
			buildConfigurations = (
				4858162D2889D89900B354B5 /* Debug */,
				4858162E2889D89900B354B5 /* Release */,
			);
			defaultConfigurationIsVisible = 0;
			defaultConfigurationName = Release;
		};
		4858162F2889D89900B354B5 /* Build configuration list for PBXNativeTarget "MarvelListTests" */ = {
			isa = XCConfigurationList;
			buildConfigurations = (
				485816302889D89900B354B5 /* Debug */,
				485816312889D89900B354B5 /* Release */,
			);
			defaultConfigurationIsVisible = 0;
			defaultConfigurationName = Release;
		};
		485816322889D89900B354B5 /* Build configuration list for PBXNativeTarget "MarvelListUITests" */ = {
			isa = XCConfigurationList;
			buildConfigurations = (
				485816332889D89900B354B5 /* Debug */,
				485816342889D89900B354B5 /* Release */,
			);
			defaultConfigurationIsVisible = 0;
			defaultConfigurationName = Release;
		};
/* End XCConfigurationList section */

/* Begin XCVersionGroup section */
		485816112889D89900B354B5 /* MarvelList.xcdatamodeld */ = {
			isa = XCVersionGroup;
			children = (
				485816122889D89900B354B5 /* MarvelList.xcdatamodel */,
			);
			currentVersion = 485816122889D89900B354B5 /* MarvelList.xcdatamodel */;
			path = MarvelList.xcdatamodeld;
			sourceTree = "<group>";
			versionGroupType = wrapper.xcdatamodel;
		};
/* End XCVersionGroup section */
	};
	rootObject = 485815FB2889D89700B354B5 /* Project object */;
}
